
Microsoft Visual Studio Solution File, Format Version 9.00
# Visual Studio 2005
# SharpDevelop 2.2.1.2648
Project("{FAE04EC0-301F-11D3-BF4B-00C04F79EFBC}") = "SharpFBTools", "Main\SharpFBTools.csproj", "{6C84B4EA-9903-494D-BB93-91E192B9FB22}"
EndProject
Project("{FAE04EC0-301F-11D3-BF4B-00C04F79EFBC}") = "SharpFBTools.Controls", "SharpFBTools.Controls\SharpFBTools.Controls.csproj", "{98BB3D5A-42B2-45FF-B00D-DA1AA8D0C5B4}"
EndProject
Project("{FAE04EC0-301F-11D3-BF4B-00C04F79EFBC}") = "FilesWorker", "FilesWorker\FilesWorker.csproj", "{77D9288A-599B-4474-8CBE-15F58DAEF8B4}"
EndProject
Project("{FAE04EC0-301F-11D3-BF4B-00C04F79EFBC}") = "FB2Parser", "FB2Parser\FB2Parser.csproj", "{CEBA7BB8-396C-473F-880A-184EC08A033B}"
EndProject
Project("{FAE04EC0-301F-11D3-BF4B-00C04F79EFBC}") = "Archiver", "Archiver\Archiver.csproj", "{3C089C8C-76F1-4EB9-9F22-329792D0F4F3}"
EndProject
Project("{FAE04EC0-301F-11D3-BF4B-00C04F79EFBC}") = "ReportGenerator", "ReportGenerator\ReportGenerator.csproj", "{480B5655-261D-4807-83BB-94CC12FB56A5}"
EndProject
Global
	GlobalSection(SolutionConfigurationPlatforms) = preSolution
		Debug|Any CPU = Debug|Any CPU
		Release|Any CPU = Release|Any CPU
	EndGlobalSection
	GlobalSection(ProjectConfigurationPlatforms) = postSolution
		{AA1642AF-BE6D-4E7D-9BFF-5A880C9C66D6}.Debug|Any CPU.Build.0 = Debug|Any CPU
		{AA1642AF-BE6D-4E7D-9BFF-5A880C9C66D6}.Debug|Any CPU.ActiveCfg = Debug|Any CPU
		{AA1642AF-BE6D-4E7D-9BFF-5A880C9C66D6}.Release|Any CPU.Build.0 = Release|Any CPU
		{AA1642AF-BE6D-4E7D-9BFF-5A880C9C66D6}.Release|Any CPU.ActiveCfg = Release|Any CPU
		{D5AB4B49-DFF0-4B75-99D3-A84E03C0100F}.Debug|Any CPU.Build.0 = Debug|Any CPU
		{D5AB4B49-DFF0-4B75-99D3-A84E03C0100F}.Debug|Any CPU.ActiveCfg = Debug|Any CPU
		{D5AB4B49-DFF0-4B75-99D3-A84E03C0100F}.Release|Any CPU.Build.0 = Release|Any CPU
		{D5AB4B49-DFF0-4B75-99D3-A84E03C0100F}.Release|Any CPU.ActiveCfg = Release|Any CPU
		{41A23907-9DF0-4F94-B578-B064806BB9DA}.Debug|Any CPU.Build.0 = Debug|Any CPU
		{41A23907-9DF0-4F94-B578-B064806BB9DA}.Debug|Any CPU.ActiveCfg = Debug|Any CPU
		{41A23907-9DF0-4F94-B578-B064806BB9DA}.Release|Any CPU.Build.0 = Release|Any CPU
		{41A23907-9DF0-4F94-B578-B064806BB9DA}.Release|Any CPU.ActiveCfg = Release|Any CPU
		{6C84B4EA-9903-494D-BB93-91E192B9FB22}.Debug|Any CPU.Build.0 = Debug|Any CPU
		{6C84B4EA-9903-494D-BB93-91E192B9FB22}.Debug|Any CPU.ActiveCfg = Debug|Any CPU
		{6C84B4EA-9903-494D-BB93-91E192B9FB22}.Release|Any CPU.Build.0 = Release|Any CPU
		{6C84B4EA-9903-494D-BB93-91E192B9FB22}.Release|Any CPU.ActiveCfg = Release|Any CPU
		{98BB3D5A-42B2-45FF-B00D-DA1AA8D0C5B4}.Debug|Any CPU.Build.0 = Debug|Any CPU
		{98BB3D5A-42B2-45FF-B00D-DA1AA8D0C5B4}.Debug|Any CPU.ActiveCfg = Debug|Any CPU
		{98BB3D5A-42B2-45FF-B00D-DA1AA8D0C5B4}.Release|Any CPU.Build.0 = Release|Any CPU
		{98BB3D5A-42B2-45FF-B00D-DA1AA8D0C5B4}.Release|Any CPU.ActiveCfg = Release|Any CPU
		{77D9288A-599B-4474-8CBE-15F58DAEF8B4}.Debug|Any CPU.Build.0 = Debug|Any CPU
		{77D9288A-599B-4474-8CBE-15F58DAEF8B4}.Debug|Any CPU.ActiveCfg = Debug|Any CPU
		{77D9288A-599B-4474-8CBE-15F58DAEF8B4}.Release|Any CPU.Build.0 = Release|Any CPU
		{77D9288A-599B-4474-8CBE-15F58DAEF8B4}.Release|Any CPU.ActiveCfg = Release|Any CPU
		{CEBA7BB8-396C-473F-880A-184EC08A033B}.Debug|Any CPU.Build.0 = Debug|Any CPU
		{CEBA7BB8-396C-473F-880A-184EC08A033B}.Debug|Any CPU.ActiveCfg = Debug|Any CPU
		{CEBA7BB8-396C-473F-880A-184EC08A033B}.Release|Any CPU.Build.0 = Release|Any CPU
		{CEBA7BB8-396C-473F-880A-184EC08A033B}.Release|Any CPU.ActiveCfg = Release|Any CPU
		{3C089C8C-76F1-4EB9-9F22-329792D0F4F3}.Debug|Any CPU.Build.0 = Debug|Any CPU
		{3C089C8C-76F1-4EB9-9F22-329792D0F4F3}.Debug|Any CPU.ActiveCfg = Debug|Any CPU
		{3C089C8C-76F1-4EB9-9F22-329792D0F4F3}.Release|Any CPU.Build.0 = Release|Any CPU
		{3C089C8C-76F1-4EB9-9F22-329792D0F4F3}.Release|Any CPU.ActiveCfg = Release|Any CPU
		{480B5655-261D-4807-83BB-94CC12FB56A5}.Debug|Any CPU.Build.0 = Debug|Any CPU
		{480B5655-261D-4807-83BB-94CC12FB56A5}.Debug|Any CPU.ActiveCfg = Debug|Any CPU
		{480B5655-261D-4807-83BB-94CC12FB56A5}.Release|Any CPU.Build.0 = Release|Any CPU
		{480B5655-261D-4807-83BB-94CC12FB56A5}.Release|Any CPU.ActiveCfg = Release|Any CPU
	EndGlobalSection
EndGlobal
